
Microsoft Visual Studio Solution File, Format Version 12.00
Project("{FAE04EC0-301F-11D3-BF4B-00C04F79EFBC}") = "PraceDomowe", "PraceDomowe.csproj", "{CBC4AE53-C35D-419B-92DA-AF0B41C8016E}"
EndProject
Global
	GlobalSection(SolutionConfigurationPlatforms) = preSolution
		Debug|Any CPU = Debug|Any CPU
		Release|Any CPU = Release|Any CPU
	EndGlobalSection
	GlobalSection(ProjectConfigurationPlatforms) = postSolution
		{CBC4AE53-C35D-419B-92DA-AF0B41C8016E}.Debug|Any CPU.ActiveCfg = Debug|Any CPU
		{CBC4AE53-C35D-419B-92DA-AF0B41C8016E}.Debug|Any CPU.Build.0 = Debug|Any CPU
		{CBC4AE53-C35D-419B-92DA-AF0B41C8016E}.Release|Any CPU.ActiveCfg = Release|Any CPU
		{CBC4AE53-C35D-419B-92DA-AF0B41C8016E}.Release|Any CPU.Build.0 = Release|Any CPU
	EndGlobalSection
EndGlobal
